{
  "version": 4,
  "terraform_version": "1.0.8",
  "serial": 109,
  "lineage": "0ef95bfa-ac81-2805-6347-d58cdc9f01d0",
  "outputs": {
    "droplet_ip_addresses": {
      "value": {
        "vmsvc-0": "165.232.72.137"
      },
      "type": [
        "object",
        {
          "vmsvc-0": "string"
        }
      ]
    }
  },
  "resources": [
    {
      "mode": "data",
      "type": "template_file",
      "name": "inventory",
      "provider": "provider[\"registry.terraform.io/hashicorp/template\"]",
      "instances": [
        {
          "schema_version": 0,
          "attributes": {
            "filename": null,
            "id": "3cdcc8f41d80b1d61501abf4e01a444d4950ee7639eb823b6dee8508c3ad732a",
            "rendered": "[digitalocean:children]\nnode_exporter\n\n[node_exporter]\nvmsvc-0    ansible_host=165.232.72.137",
            "template": "[digitalocean:children]\nnode_exporter\n\n[node_exporter]\n${node_exporter_group}",
            "vars": {
              "node_exporter_group": "vmsvc-0    ansible_host=165.232.72.137"
            }
          },
          "sensitive_attributes": []
        }
      ]
    },
    {
      "mode": "managed",
      "type": "digitalocean_droplet",
      "name": "vmsvc",
      "provider": "provider[\"registry.terraform.io/digitalocean/digitalocean\"]",
      "instances": [
        {
          "index_key": 0,
          "schema_version": 1,
          "attributes": {
            "backups": false,
            "created_at": "2021-10-09T18:03:56Z",
            "disk": 25,
            "droplet_agent": null,
            "graceful_shutdown": false,
            "id": "268550244",
            "image": "centos-8-x64",
            "ipv4_address": "165.232.72.137",
            "ipv4_address_private": "10.114.0.3",
            "ipv6": false,
            "ipv6_address": "",
            "locked": false,
            "memory": 1024,
            "monitoring": false,
            "name": "vmsvc-0",
            "price_hourly": 0.00744,
            "price_monthly": 5,
            "private_networking": true,
            "region": "fra1",
            "resize_disk": true,
            "size": "s-1vcpu-1gb",
            "ssh_keys": [
              "8b:20:90:e5:9c:48:6a:31:bd:27:d3:8d:f8:20:b5:47"
            ],
            "status": "active",
            "tags": null,
            "urn": "do:droplet:268550244",
            "user_data": null,
            "vcpus": 1,
            "volume_ids": [],
            "vpc_uuid": "a67d04d1-fb7f-4408-a695-892fe98bc8ba"
          },
          "sensitive_attributes": [],
          "private": "eyJzY2hlbWFfdmVyc2lvbiI6IjEifQ=="
        }
      ]
    },
    {
      "mode": "managed",
      "type": "null_resource",
      "name": "update_inventory",
      "provider": "provider[\"registry.terraform.io/hashicorp/null\"]",
      "instances": [
        {
          "schema_version": 0,
          "attributes": {
            "id": "4997568091617602005",
            "triggers": {
              "template": "[digitalocean:children]\nnode_exporter\n\n[node_exporter]\nvmsvc-0    ansible_host=165.232.72.137"
            }
          },
          "sensitive_attributes": [],
          "private": "bnVsbA==",
          "dependencies": [
            "data.template_file.inventory",
            "digitalocean_droplet.vmsvc"
          ]
        }
      ]
    }
  ]
}
